
Microsoft Visual Studio Solution File, Format Version 12.00
# Visual Studio Version 16
VisualStudioVersion = 16.0.29519.87
MinimumVisualStudioVersion = 10.0.40219.1
Project("{FAE04EC0-301F-11D3-BF4B-00C04F79EFBC}") = "Textify", "Textify\Textify.csproj", "{76720286-8B5F-47BB-867D-B1C6F16F66F5}"
EndProject
Project("{FAE04EC0-301F-11D3-BF4B-00C04F79EFBC}") = "Textify.Example", "Textify.Example\Textify.Example.csproj", "{55E50C76-7B48-4607-BB49-0CE475F99435}"
EndProject
Global
	GlobalSection(SolutionConfigurationPlatforms) = preSolution
		Debug|Any CPU = Debug|Any CPU
		Release|Any CPU = Release|Any CPU
	EndGlobalSection
	GlobalSection(ProjectConfigurationPlatforms) = postSolution
		{76720286-8B5F-47BB-867D-B1C6F16F66F5}.Debug|Any CPU.ActiveCfg = Debug|Any CPU
		{76720286-8B5F-47BB-867D-B1C6F16F66F5}.Debug|Any CPU.Build.0 = Debug|Any CPU
		{76720286-8B5F-47BB-867D-B1C6F16F66F5}.Release|Any CPU.ActiveCfg = Release|Any CPU
		{76720286-8B5F-47BB-867D-B1C6F16F66F5}.Release|Any CPU.Build.0 = Release|Any CPU
		{55E50C76-7B48-4607-BB49-0CE475F99435}.Debug|Any CPU.ActiveCfg = Debug|Any CPU
		{55E50C76-7B48-4607-BB49-0CE475F99435}.Debug|Any CPU.Build.0 = Debug|Any CPU
		{55E50C76-7B48-4607-BB49-0CE475F99435}.Release|Any CPU.ActiveCfg = Release|Any CPU
		{55E50C76-7B48-4607-BB49-0CE475F99435}.Release|Any CPU.Build.0 = Release|Any CPU
	EndGlobalSection
	GlobalSection(SolutionProperties) = preSolution
		HideSolutionNode = FALSE
	EndGlobalSection
	GlobalSection(ExtensibilityGlobals) = postSolution
		SolutionGuid = {82CB35EC-B4D2-48F6-9DCA-130B98AC8918}
	EndGlobalSection
EndGlobal
